// !$*UTF8*$!
{
	archiveVersion = 1;
	classes = {
	};
	objectVersion = 63;
	objects = {

/* Begin PBXBuildFile section */
		0D28370D7F71B5E0FF116890 /* Pods_MultiEnginesIOS.framework in Frameworks */ = {isa = PBXBuildFile; fileRef = 8ECC17C886463B2131962F70 /* Pods_MultiEnginesIOS.framework */; };
		2D637AE3EEE8E6005F1F3314 /* Pods_MultiEnginesIOS_MultiEnginesIOSUITests.framework in Frameworks */ = {isa = PBXBuildFile; fileRef = 872AFC99B3948DC7534295FF /* Pods_MultiEnginesIOS_MultiEnginesIOSUITests.framework */; };
		B21AB1752C9DE864000C1E45 /* Preview Assets.xcassets in Resources */ = {isa = PBXBuildFile; fileRef = B21AB16F2C9DE864000C1E45 /* Preview Assets.xcassets */; };
		B21AB1762C9DE864000C1E45 /* Assets.xcassets in Resources */ = {isa = PBXBuildFile; fileRef = B21AB1712C9DE864000C1E45 /* Assets.xcassets */; };
		B21AB1772C9DE864000C1E45 /* ContentView.swift in Sources */ = {isa = PBXBuildFile; fileRef = B21AB1722C9DE864000C1E45 /* ContentView.swift */; };
		B21AB1782C9DE864000C1E45 /* MultiEnginesIOSApp.swift in Sources */ = {isa = PBXBuildFile; fileRef = B21AB1732C9DE864000C1E45 /* MultiEnginesIOSApp.swift */; };
		B21AB17B2C9DE870000C1E45 /* MultiEnginesIOSTests.swift in Sources */ = {isa = PBXBuildFile; fileRef = B21AB1792C9DE870000C1E45 /* MultiEnginesIOSTests.swift */; };
		B21AB17F2C9DE876000C1E45 /* MultiEnginesIOSUITests.swift in Sources */ = {isa = PBXBuildFile; fileRef = B21AB17C2C9DE876000C1E45 /* MultiEnginesIOSUITests.swift */; };
		B21AB1802C9DE876000C1E45 /* MultiEnginesIOSUITestsLaunchTests.swift in Sources */ = {isa = PBXBuildFile; fileRef = B21AB17D2C9DE876000C1E45 /* MultiEnginesIOSUITestsLaunchTests.swift */; };
		B290EEAC2C9DF2CF00E966F8 /* FlutterGoogleWebView.swift in Sources */ = {isa = PBXBuildFile; fileRef = B290EEAB2C9DF2CF00E966F8 /* FlutterGoogleWebView.swift */; };
		D809FEA41E615C3F92959AE1 /* Pods_MultiEnginesIOSTests.framework in Frameworks */ = {isa = PBXBuildFile; fileRef = D0BB0CBE71CCFD3A72BA27E6 /* Pods_MultiEnginesIOSTests.framework */; };
/* End PBXBuildFile section */

/* Begin PBXContainerItemProxy section */
		B237CD6C2C9C5DFB006A4AF9 /* PBXContainerItemProxy */ = {
			isa = PBXContainerItemProxy;
			containerPortal = B237CD532C9C5DFA006A4AF9 /* Project object */;
			proxyType = 1;
			remoteGlobalIDString = B237CD5A2C9C5DFA006A4AF9;
			remoteInfo = MultiEnginesIOS;
		};
		B237CD762C9C5DFB006A4AF9 /* PBXContainerItemProxy */ = {
			isa = PBXContainerItemProxy;
			containerPortal = B237CD532C9C5DFA006A4AF9 /* Project object */;
			proxyType = 1;
			remoteGlobalIDString = B237CD5A2C9C5DFA006A4AF9;
			remoteInfo = MultiEnginesIOS;
		};
/* End PBXContainerItemProxy section */

/* Begin PBXFileReference section */
		019BF6B56BC558FEBE3251B9 /* Pods-MultiEnginesIOS.debug.xcconfig */ = {isa = PBXFileReference; includeInIndex = 1; lastKnownFileType = text.xcconfig; name = "Pods-MultiEnginesIOS.debug.xcconfig"; path = "Target Support Files/Pods-MultiEnginesIOS/Pods-MultiEnginesIOS.debug.xcconfig"; sourceTree = "<group>"; };
		61399F6A03232BB8B2BC6CE2 /* Pods-MultiEnginesIOS-MultiEnginesIOSUITests.release.xcconfig */ = {isa = PBXFileReference; includeInIndex = 1; lastKnownFileType = text.xcconfig; name = "Pods-MultiEnginesIOS-MultiEnginesIOSUITests.release.xcconfig"; path = "Target Support Files/Pods-MultiEnginesIOS-MultiEnginesIOSUITests/Pods-MultiEnginesIOS-MultiEnginesIOSUITests.release.xcconfig"; sourceTree = "<group>"; };
		62C17248AB120DE1B712E545 /* Pods-MultiEnginesIOS-MultiEnginesIOSUITests.debug.xcconfig */ = {isa = PBXFileReference; includeInIndex = 1; lastKnownFileType = text.xcconfig; name = "Pods-MultiEnginesIOS-MultiEnginesIOSUITests.debug.xcconfig"; path = "Target Support Files/Pods-MultiEnginesIOS-MultiEnginesIOSUITests/Pods-MultiEnginesIOS-MultiEnginesIOSUITests.debug.xcconfig"; sourceTree = "<group>"; };
		7A2C4C423371A3B3F6E7B734 /* Pods-MultiEnginesIOSTests.release.xcconfig */ = {isa = PBXFileReference; includeInIndex = 1; lastKnownFileType = text.xcconfig; name = "Pods-MultiEnginesIOSTests.release.xcconfig"; path = "Target Support Files/Pods-MultiEnginesIOSTests/Pods-MultiEnginesIOSTests.release.xcconfig"; sourceTree = "<group>"; };
		872AFC99B3948DC7534295FF /* Pods_MultiEnginesIOS_MultiEnginesIOSUITests.framework */ = {isa = PBXFileReference; explicitFileType = wrapper.framework; includeInIndex = 0; path = Pods_MultiEnginesIOS_MultiEnginesIOSUITests.framework; sourceTree = BUILT_PRODUCTS_DIR; };
		89A6625F5322536539FC1254 /* Pods-MultiEnginesIOS.release.xcconfig */ = {isa = PBXFileReference; includeInIndex = 1; lastKnownFileType = text.xcconfig; name = "Pods-MultiEnginesIOS.release.xcconfig"; path = "Target Support Files/Pods-MultiEnginesIOS/Pods-MultiEnginesIOS.release.xcconfig"; sourceTree = "<group>"; };
		8ECC17C886463B2131962F70 /* Pods_MultiEnginesIOS.framework */ = {isa = PBXFileReference; explicitFileType = wrapper.framework; includeInIndex = 0; path = Pods_MultiEnginesIOS.framework; sourceTree = BUILT_PRODUCTS_DIR; };
		B21AB16F2C9DE864000C1E45 /* Preview Assets.xcassets */ = {isa = PBXFileReference; lastKnownFileType = folder.assetcatalog; path = "Preview Assets.xcassets"; sourceTree = "<group>"; };
		B21AB1712C9DE864000C1E45 /* Assets.xcassets */ = {isa = PBXFileReference; lastKnownFileType = folder.assetcatalog; path = Assets.xcassets; sourceTree = "<group>"; };
		B21AB1722C9DE864000C1E45 /* ContentView.swift */ = {isa = PBXFileReference; lastKnownFileType = sourcecode.swift; path = ContentView.swift; sourceTree = "<group>"; };
		B21AB1732C9DE864000C1E45 /* MultiEnginesIOSApp.swift */ = {isa = PBXFileReference; lastKnownFileType = sourcecode.swift; path = MultiEnginesIOSApp.swift; sourceTree = "<group>"; };
		B21AB1792C9DE870000C1E45 /* MultiEnginesIOSTests.swift */ = {isa = PBXFileReference; lastKnownFileType = sourcecode.swift; path = MultiEnginesIOSTests.swift; sourceTree = "<group>"; };
		B21AB17C2C9DE876000C1E45 /* MultiEnginesIOSUITests.swift */ = {isa = PBXFileReference; lastKnownFileType = sourcecode.swift; path = MultiEnginesIOSUITests.swift; sourceTree = "<group>"; };
		B21AB17D2C9DE876000C1E45 /* MultiEnginesIOSUITestsLaunchTests.swift */ = {isa = PBXFileReference; lastKnownFileType = sourcecode.swift; path = MultiEnginesIOSUITestsLaunchTests.swift; sourceTree = "<group>"; };
		B237CD5B2C9C5DFA006A4AF9 /* MultiEnginesIOS.app */ = {isa = PBXFileReference; explicitFileType = wrapper.application; includeInIndex = 0; path = MultiEnginesIOS.app; sourceTree = BUILT_PRODUCTS_DIR; };
		B237CD6B2C9C5DFB006A4AF9 /* MultiEnginesIOSTests.xctest */ = {isa = PBXFileReference; explicitFileType = wrapper.cfbundle; includeInIndex = 0; path = MultiEnginesIOSTests.xctest; sourceTree = BUILT_PRODUCTS_DIR; };
		B237CD752C9C5DFB006A4AF9 /* MultiEnginesIOSUITests.xctest */ = {isa = PBXFileReference; explicitFileType = wrapper.cfbundle; includeInIndex = 0; path = MultiEnginesIOSUITests.xctest; sourceTree = BUILT_PRODUCTS_DIR; };
		B290EEAB2C9DF2CF00E966F8 /* FlutterGoogleWebView.swift */ = {isa = PBXFileReference; lastKnownFileType = sourcecode.swift; path = FlutterGoogleWebView.swift; sourceTree = "<group>"; };
		D0BB0CBE71CCFD3A72BA27E6 /* Pods_MultiEnginesIOSTests.framework */ = {isa = PBXFileReference; explicitFileType = wrapper.framework; includeInIndex = 0; path = Pods_MultiEnginesIOSTests.framework; sourceTree = BUILT_PRODUCTS_DIR; };
		F0B77153888FC057B729449B /* Pods-MultiEnginesIOSTests.debug.xcconfig */ = {isa = PBXFileReference; includeInIndex = 1; lastKnownFileType = text.xcconfig; name = "Pods-MultiEnginesIOSTests.debug.xcconfig"; path = "Target Support Files/Pods-MultiEnginesIOSTests/Pods-MultiEnginesIOSTests.debug.xcconfig"; sourceTree = "<group>"; };
/* End PBXFileReference section */

/* Begin PBXFrameworksBuildPhase section */
		B237CD582C9C5DFA006A4AF9 /* Frameworks */ = {
			isa = PBXFrameworksBuildPhase;
			buildActionMask = 2147483647;
			files = (
				0D28370D7F71B5E0FF116890 /* Pods_MultiEnginesIOS.framework in Frameworks */,
			);
			runOnlyForDeploymentPostprocessing = 0;
		};
		B237CD682C9C5DFB006A4AF9 /* Frameworks */ = {
			isa = PBXFrameworksBuildPhase;
			buildActionMask = 2147483647;
			files = (
				D809FEA41E615C3F92959AE1 /* Pods_MultiEnginesIOSTests.framework in Frameworks */,
			);
			runOnlyForDeploymentPostprocessing = 0;
		};
		B237CD722C9C5DFB006A4AF9 /* Frameworks */ = {
			isa = PBXFrameworksBuildPhase;
			buildActionMask = 2147483647;
			files = (
				2D637AE3EEE8E6005F1F3314 /* Pods_MultiEnginesIOS_MultiEnginesIOSUITests.framework in Frameworks */,
			);
			runOnlyForDeploymentPostprocessing = 0;
		};
/* End PBXFrameworksBuildPhase section */

/* Begin PBXGroup section */
		30E2F9DB44F1AA863866980F /* Frameworks */ = {
			isa = PBXGroup;
			children = (
				8ECC17C886463B2131962F70 /* Pods_MultiEnginesIOS.framework */,
				872AFC99B3948DC7534295FF /* Pods_MultiEnginesIOS_MultiEnginesIOSUITests.framework */,
				D0BB0CBE71CCFD3A72BA27E6 /* Pods_MultiEnginesIOSTests.framework */,
			);
			name = Frameworks;
			sourceTree = "<group>";
		};
		B21AB1702C9DE864000C1E45 /* Preview Content */ = {
			isa = PBXGroup;
			children = (
				B21AB16F2C9DE864000C1E45 /* Preview Assets.xcassets */,
			);
			path = "Preview Content";
			sourceTree = "<group>";
		};
		B21AB1742C9DE864000C1E45 /* MultiEnginesIOS */ = {
			isa = PBXGroup;
			children = (
				B21AB1702C9DE864000C1E45 /* Preview Content */,
				B21AB1712C9DE864000C1E45 /* Assets.xcassets */,
				B21AB1722C9DE864000C1E45 /* ContentView.swift */,
				B21AB1732C9DE864000C1E45 /* MultiEnginesIOSApp.swift */,
				B290EEAB2C9DF2CF00E966F8 /* FlutterGoogleWebView.swift */,
			);
			path = MultiEnginesIOS;
			sourceTree = "<group>";
		};
		B21AB17A2C9DE870000C1E45 /* MultiEnginesIOSTests */ = {
			isa = PBXGroup;
			children = (
				B21AB1792C9DE870000C1E45 /* MultiEnginesIOSTests.swift */,
			);
			path = MultiEnginesIOSTests;
			sourceTree = "<group>";
		};
		B21AB17E2C9DE876000C1E45 /* MultiEnginesIOSUITests */ = {
			isa = PBXGroup;
			children = (
				B21AB17C2C9DE876000C1E45 /* MultiEnginesIOSUITests.swift */,
				B21AB17D2C9DE876000C1E45 /* MultiEnginesIOSUITestsLaunchTests.swift */,
			);
			path = MultiEnginesIOSUITests;
			sourceTree = "<group>";
		};
		B237CD522C9C5DFA006A4AF9 = {
			isa = PBXGroup;
			children = (
				B21AB1742C9DE864000C1E45 /* MultiEnginesIOS */,
				B21AB17A2C9DE870000C1E45 /* MultiEnginesIOSTests */,
				B21AB17E2C9DE876000C1E45 /* MultiEnginesIOSUITests */,
				B237CD5C2C9C5DFA006A4AF9 /* Products */,
				EB7615D5AD86FEC8F6BFF0AD /* Pods */,
				30E2F9DB44F1AA863866980F /* Frameworks */,
			);
			sourceTree = "<group>";
		};
		B237CD5C2C9C5DFA006A4AF9 /* Products */ = {
			isa = PBXGroup;
			children = (
				B237CD6B2C9C5DFB006A4AF9 /* MultiEnginesIOSTests.xctest */,
				B237CD5B2C9C5DFA006A4AF9 /* MultiEnginesIOS.app */,
				B237CD752C9C5DFB006A4AF9 /* MultiEnginesIOSUITests.xctest */,
			);
			name = Products;
			sourceTree = "<group>";
		};
		EB7615D5AD86FEC8F6BFF0AD /* Pods */ = {
			isa = PBXGroup;
			children = (
				89A6625F5322536539FC1254 /* Pods-MultiEnginesIOS.release.xcconfig */,
				62C17248AB120DE1B712E545 /* Pods-MultiEnginesIOS-MultiEnginesIOSUITests.debug.xcconfig */,
				019BF6B56BC558FEBE3251B9 /* Pods-MultiEnginesIOS.debug.xcconfig */,
				61399F6A03232BB8B2BC6CE2 /* Pods-MultiEnginesIOS-MultiEnginesIOSUITests.release.xcconfig */,
				F0B77153888FC057B729449B /* Pods-MultiEnginesIOSTests.debug.xcconfig */,
				7A2C4C423371A3B3F6E7B734 /* Pods-MultiEnginesIOSTests.release.xcconfig */,
			);
			path = Pods;
			sourceTree = "<group>";
		};
/* End PBXGroup section */

/* Begin PBXNativeTarget section */
		B237CD5A2C9C5DFA006A4AF9 /* MultiEnginesIOS */ = {
			isa = PBXNativeTarget;
			buildConfigurationList = B237CD7F2C9C5DFB006A4AF9 /* Build configuration list for PBXNativeTarget "MultiEnginesIOS" */;
			buildPhases = (
				42CFCB164FF6058403E1B64F /* [CP] Check Pods Manifest.lock */,
				C0B3B49EEA0394C15DBC9899 /* [CP-User] Run Flutter Build flutter_module Script */,
				B237CD572C9C5DFA006A4AF9 /* Sources */,
				B237CD582C9C5DFA006A4AF9 /* Frameworks */,
				B237CD592C9C5DFA006A4AF9 /* Resources */,
				BCD542F5103FB71B9700EED6 /* [CP] Embed Pods Frameworks */,
				0F41A64780C60C6A4EB07C6D /* [CP-User] Embed Flutter Build flutter_module Script */,
			);
			buildRules = (
			);
			dependencies = (
			);
			name = MultiEnginesIOS;
			productName = MultiEnginesIOS;
			productReference = B237CD5B2C9C5DFA006A4AF9 /* MultiEnginesIOS.app */;
			productType = "com.apple.product-type.application";
		};
		B237CD6A2C9C5DFB006A4AF9 /* MultiEnginesIOSTests */ = {
			isa = PBXNativeTarget;
			buildConfigurationList = B237CD822C9C5DFB006A4AF9 /* Build configuration list for PBXNativeTarget "MultiEnginesIOSTests" */;
			buildPhases = (
				415C5FBC73A2E2135058104C /* [CP] Check Pods Manifest.lock */,
				B237CD672C9C5DFB006A4AF9 /* Sources */,
				B237CD682C9C5DFB006A4AF9 /* Frameworks */,
				B237CD692C9C5DFB006A4AF9 /* Resources */,
			);
			buildRules = (
			);
			dependencies = (
				B237CD6D2C9C5DFB006A4AF9 /* PBXTargetDependency */,
			);
			name = MultiEnginesIOSTests;
			productName = MultiEnginesIOSTests;
			productReference = B237CD6B2C9C5DFB006A4AF9 /* MultiEnginesIOSTests.xctest */;
			productType = "com.apple.product-type.bundle.unit-test";
		};
		B237CD742C9C5DFB006A4AF9 /* MultiEnginesIOSUITests */ = {
			isa = PBXNativeTarget;
			buildConfigurationList = B237CD852C9C5DFB006A4AF9 /* Build configuration list for PBXNativeTarget "MultiEnginesIOSUITests" */;
			buildPhases = (
				FD3FEA0BB7ED0B137F6F0F19 /* [CP] Check Pods Manifest.lock */,
				B237CD712C9C5DFB006A4AF9 /* Sources */,
				B237CD722C9C5DFB006A4AF9 /* Frameworks */,
				B237CD732C9C5DFB006A4AF9 /* Resources */,
				B65D5E7F8E7293DC74980391 /* [CP] Embed Pods Frameworks */,
			);
			buildRules = (
			);
			dependencies = (
				B237CD772C9C5DFB006A4AF9 /* PBXTargetDependency */,
			);
			name = MultiEnginesIOSUITests;
			productName = MultiEnginesIOSUITests;
			productReference = B237CD752C9C5DFB006A4AF9 /* MultiEnginesIOSUITests.xctest */;
			productType = "com.apple.product-type.bundle.ui-testing";
		};
/* End PBXNativeTarget section */

/* Begin PBXProject section */
		B237CD532C9C5DFA006A4AF9 /* Project object */ = {
			isa = PBXProject;
			attributes = {
				BuildIndependentTargetsInParallel = 1;
				LastSwiftUpdateCheck = 1600;
				LastUpgradeCheck = 1600;
				TargetAttributes = {
					B237CD5A2C9C5DFA006A4AF9 = {
						CreatedOnToolsVersion = 16.0;
					};
					B237CD6A2C9C5DFB006A4AF9 = {
						CreatedOnToolsVersion = 16.0;
						TestTargetID = B237CD5A2C9C5DFA006A4AF9;
					};
					B237CD742C9C5DFB006A4AF9 = {
						CreatedOnToolsVersion = 16.0;
						TestTargetID = B237CD5A2C9C5DFA006A4AF9;
					};
				};
			};
			buildConfigurationList = B237CD562C9C5DFA006A4AF9 /* Build configuration list for PBXProject "MultiEnginesIOS" */;
			compatibilityVersion = "Xcode 13.0";
			developmentRegion = en;
			hasScannedForEncodings = 0;
			knownRegions = (
				en,
				Base,
			);
			mainGroup = B237CD522C9C5DFA006A4AF9;
			minimizedProjectReferenceProxies = 1;
			productRefGroup = B237CD5C2C9C5DFA006A4AF9 /* Products */;
			projectDirPath = "";
			projectRoot = "";
			targets = (
				B237CD5A2C9C5DFA006A4AF9 /* MultiEnginesIOS */,
				B237CD6A2C9C5DFB006A4AF9 /* MultiEnginesIOSTests */,
				B237CD742C9C5DFB006A4AF9 /* MultiEnginesIOSUITests */,
			);
		};
/* End PBXProject section */

/* Begin PBXResourcesBuildPhase section */
		B237CD592C9C5DFA006A4AF9 /* Resources */ = {
			isa = PBXResourcesBuildPhase;
			buildActionMask = 2147483647;
			files = (
				B21AB1752C9DE864000C1E45 /* Preview Assets.xcassets in Resources */,
				B21AB1762C9DE864000C1E45 /* Assets.xcassets in Resources */,
			);
			runOnlyForDeploymentPostprocessing = 0;
		};
		B237CD692C9C5DFB006A4AF9 /* Resources */ = {
			isa = PBXResourcesBuildPhase;
			buildActionMask = 2147483647;
			files = (
			);
			runOnlyForDeploymentPostprocessing = 0;
		};
		B237CD732C9C5DFB006A4AF9 /* Resources */ = {
			isa = PBXResourcesBuildPhase;
			buildActionMask = 2147483647;
			files = (
			);
			runOnlyForDeploymentPostprocessing = 0;
		};
/* End PBXResourcesBuildPhase section */

/* Begin PBXShellScriptBuildPhase section */
		0F41A64780C60C6A4EB07C6D /* [CP-User] Embed Flutter Build flutter_module Script */ = {
			isa = PBXShellScriptBuildPhase;
			buildActionMask = 2147483647;
			files = (
			);
			name = "[CP-User] Embed Flutter Build flutter_module Script";
			runOnlyForDeploymentPostprocessing = 0;
			shellPath = /bin/sh;
			shellScript = "set -e\nset -u\nsource \"${SRCROOT}/../multiple_flutters_module/.ios/Flutter/flutter_export_environment.sh\"\nexport VERBOSE_SCRIPT_LOGGING=1 && \"$FLUTTER_ROOT\"/packages/flutter_tools/bin/xcode_backend.sh embed_and_thin";
		};
		415C5FBC73A2E2135058104C /* [CP] Check Pods Manifest.lock */ = {
			isa = PBXShellScriptBuildPhase;
			buildActionMask = 2147483647;
			files = (
			);
			inputFileListPaths = (
			);
			inputPaths = (
				"${PODS_PODFILE_DIR_PATH}/Podfile.lock",
				"${PODS_ROOT}/Manifest.lock",
			);
			name = "[CP] Check Pods Manifest.lock";
			outputFileListPaths = (
			);
			outputPaths = (
				"$(DERIVED_FILE_DIR)/Pods-MultiEnginesIOSTests-checkManifestLockResult.txt",
			);
			runOnlyForDeploymentPostprocessing = 0;
			shellPath = /bin/sh;
			shellScript = "diff \"${PODS_PODFILE_DIR_PATH}/Podfile.lock\" \"${PODS_ROOT}/Manifest.lock\" > /dev/null\nif [ $? != 0 ] ; then\n    # print error to STDERR\n    echo \"error: The sandbox is not in sync with the Podfile.lock. Run 'pod install' or update your CocoaPods installation.\" >&2\n    exit 1\nfi\n# This output is used by Xcode 'outputs' to avoid re-running this script phase.\necho \"SUCCESS\" > \"${SCRIPT_OUTPUT_FILE_0}\"\n";
			showEnvVarsInLog = 0;
		};
		42CFCB164FF6058403E1B64F /* [CP] Check Pods Manifest.lock */ = {
			isa = PBXShellScriptBuildPhase;
			buildActionMask = 2147483647;
			files = (
			);
			inputFileListPaths = (
			);
			inputPaths = (
				"${PODS_PODFILE_DIR_PATH}/Podfile.lock",
				"${PODS_ROOT}/Manifest.lock",
			);
			name = "[CP] Check Pods Manifest.lock";
			outputFileListPaths = (
			);
			outputPaths = (
				"$(DERIVED_FILE_DIR)/Pods-MultiEnginesIOS-checkManifestLockResult.txt",
			);
			runOnlyForDeploymentPostprocessing = 0;
			shellPath = /bin/sh;
			shellScript = "diff \"${PODS_PODFILE_DIR_PATH}/Podfile.lock\" \"${PODS_ROOT}/Manifest.lock\" > /dev/null\nif [ $? != 0 ] ; then\n    # print error to STDERR\n    echo \"error: The sandbox is not in sync with the Podfile.lock. Run 'pod install' or update your CocoaPods installation.\" >&2\n    exit 1\nfi\n# This output is used by Xcode 'outputs' to avoid re-running this script phase.\necho \"SUCCESS\" > \"${SCRIPT_OUTPUT_FILE_0}\"\n";
			showEnvVarsInLog = 0;
		};
		B65D5E7F8E7293DC74980391 /* [CP] Embed Pods Frameworks */ = {
			isa = PBXShellScriptBuildPhase;
			buildActionMask = 2147483647;
			files = (
			);
			inputFileListPaths = (
				"${PODS_ROOT}/Target Support Files/Pods-MultiEnginesIOS-MultiEnginesIOSUITests/Pods-MultiEnginesIOS-MultiEnginesIOSUITests-frameworks-${CONFIGURATION}-input-files.xcfilelist",
			);
			name = "[CP] Embed Pods Frameworks";
			outputFileListPaths = (
				"${PODS_ROOT}/Target Support Files/Pods-MultiEnginesIOS-MultiEnginesIOSUITests/Pods-MultiEnginesIOS-MultiEnginesIOSUITests-frameworks-${CONFIGURATION}-output-files.xcfilelist",
			);
			runOnlyForDeploymentPostprocessing = 0;
			shellPath = /bin/sh;
			shellScript = "\"${PODS_ROOT}/Target Support Files/Pods-MultiEnginesIOS-MultiEnginesIOSUITests/Pods-MultiEnginesIOS-MultiEnginesIOSUITests-frameworks.sh\"\n";
			showEnvVarsInLog = 0;
		};
		BCD542F5103FB71B9700EED6 /* [CP] Embed Pods Frameworks */ = {
			isa = PBXShellScriptBuildPhase;
			buildActionMask = 2147483647;
			files = (
			);
			inputFileListPaths = (
				"${PODS_ROOT}/Target Support Files/Pods-MultiEnginesIOS/Pods-MultiEnginesIOS-frameworks-${CONFIGURATION}-input-files.xcfilelist",
			);
			name = "[CP] Embed Pods Frameworks";
			outputFileListPaths = (
				"${PODS_ROOT}/Target Support Files/Pods-MultiEnginesIOS/Pods-MultiEnginesIOS-frameworks-${CONFIGURATION}-output-files.xcfilelist",
			);
			runOnlyForDeploymentPostprocessing = 0;
			shellPath = /bin/sh;
			shellScript = "\"${PODS_ROOT}/Target Support Files/Pods-MultiEnginesIOS/Pods-MultiEnginesIOS-frameworks.sh\"\n";
			showEnvVarsInLog = 0;
		};
		C0B3B49EEA0394C15DBC9899 /* [CP-User] Run Flutter Build flutter_module Script */ = {
			isa = PBXShellScriptBuildPhase;
			buildActionMask = 2147483647;
			files = (
			);
			name = "[CP-User] Run Flutter Build flutter_module Script";
			runOnlyForDeploymentPostprocessing = 0;
			shellPath = /bin/sh;
			shellScript = "set -e\nset -u\nsource \"${SRCROOT}/../multiple_flutters_module/.ios/Flutter/flutter_export_environment.sh\"\nexport VERBOSE_SCRIPT_LOGGING=1 && \"$FLUTTER_ROOT\"/packages/flutter_tools/bin/xcode_backend.sh build";
		};
		FD3FEA0BB7ED0B137F6F0F19 /* [CP] Check Pods Manifest.lock */ = {
			isa = PBXShellScriptBuildPhase;
			buildActionMask = 2147483647;
			files = (
			);
			inputFileListPaths = (
			);
			inputPaths = (
				"${PODS_PODFILE_DIR_PATH}/Podfile.lock",
				"${PODS_ROOT}/Manifest.lock",
			);
			name = "[CP] Check Pods Manifest.lock";
			outputFileListPaths = (
			);
			outputPaths = (
				"$(DERIVED_FILE_DIR)/Pods-MultiEnginesIOS-MultiEnginesIOSUITests-checkManifestLockResult.txt",
			);
			runOnlyForDeploymentPostprocessing = 0;
			shellPath = /bin/sh;
			shellScript = "diff \"${PODS_PODFILE_DIR_PATH}/Podfile.lock\" \"${PODS_ROOT}/Manifest.lock\" > /dev/null\nif [ $? != 0 ] ; then\n    # print error to STDERR\n    echo \"error: The sandbox is not in sync with the Podfile.lock. Run 'pod install' or update your CocoaPods installation.\" >&2\n    exit 1\nfi\n# This output is used by Xcode 'outputs' to avoid re-running this script phase.\necho \"SUCCESS\" > \"${SCRIPT_OUTPUT_FILE_0}\"\n";
			showEnvVarsInLog = 0;
		};
/* End PBXShellScriptBuildPhase section */

/* Begin PBXSourcesBuildPhase section */
		B237CD572C9C5DFA006A4AF9 /* Sources */ = {
			isa = PBXSourcesBuildPhase;
			buildActionMask = 2147483647;
			files = (
				B290EEAC2C9DF2CF00E966F8 /* FlutterGoogleWebView.swift in Sources */,
				B21AB1772C9DE864000C1E45 /* ContentView.swift in Sources */,
				B21AB1782C9DE864000C1E45 /* MultiEnginesIOSApp.swift in Sources */,
			);
			runOnlyForDeploymentPostprocessing = 0;
		};
		B237CD672C9C5DFB006A4AF9 /* Sources */ = {
			isa = PBXSourcesBuildPhase;
			buildActionMask = 2147483647;
			files = (
				B21AB17B2C9DE870000C1E45 /* MultiEnginesIOSTests.swift in Sources */,
			);
			runOnlyForDeploymentPostprocessing = 0;
		};
		B237CD712C9C5DFB006A4AF9 /* Sources */ = {
			isa = PBXSourcesBuildPhase;
			buildActionMask = 2147483647;
			files = (
				B21AB17F2C9DE876000C1E45 /* MultiEnginesIOSUITests.swift in Sources */,
				B21AB1802C9DE876000C1E45 /* MultiEnginesIOSUITestsLaunchTests.swift in Sources */,
			);
			runOnlyForDeploymentPostprocessing = 0;
		};
/* End PBXSourcesBuildPhase section */

/* Begin PBXTargetDependency section */
		B237CD6D2C9C5DFB006A4AF9 /* PBXTargetDependency */ = {
			isa = PBXTargetDependency;
			target = B237CD5A2C9C5DFA006A4AF9 /* MultiEnginesIOS */;
			targetProxy = B237CD6C2C9C5DFB006A4AF9 /* PBXContainerItemProxy */;
		};
		B237CD772C9C5DFB006A4AF9 /* PBXTargetDependency */ = {
			isa = PBXTargetDependency;
			target = B237CD5A2C9C5DFA006A4AF9 /* MultiEnginesIOS */;
			targetProxy = B237CD762C9C5DFB006A4AF9 /* PBXContainerItemProxy */;
		};
/* End PBXTargetDependency section */

/* Begin XCBuildConfiguration section */
		B237CD7D2C9C5DFB006A4AF9 /* Debug */ = {
			isa = XCBuildConfiguration;
			buildSettings = {
				ALWAYS_SEARCH_USER_PATHS = NO;
				ASSETCATALOG_COMPILER_GENERATE_SWIFT_ASSET_SYMBOL_EXTENSIONS = YES;
				CLANG_ANALYZER_NONNULL = YES;
				CLANG_ANALYZER_NUMBER_OBJECT_CONVERSION = YES_AGGRESSIVE;
				CLANG_CXX_LANGUAGE_STANDARD = "gnu++20";
				CLANG_ENABLE_MODULES = YES;
				CLANG_ENABLE_OBJC_ARC = YES;
				CLANG_ENABLE_OBJC_WEAK = YES;
				CLANG_WARN_BLOCK_CAPTURE_AUTORELEASING = YES;
				CLANG_WARN_BOOL_CONVERSION = YES;
				CLANG_WARN_COMMA = YES;
				CLANG_WARN_CONSTANT_CONVERSION = YES;
				CLANG_WARN_DEPRECATED_OBJC_IMPLEMENTATIONS = YES;
				CLANG_WARN_DIRECT_OBJC_ISA_USAGE = YES_ERROR;
				CLANG_WARN_DOCUMENTATION_COMMENTS = YES;
				CLANG_WARN_EMPTY_BODY = YES;
				CLANG_WARN_ENUM_CONVERSION = YES;
				CLANG_WARN_INFINITE_RECURSION = YES;
				CLANG_WARN_INT_CONVERSION = YES;
				CLANG_WARN_NON_LITERAL_NULL_CONVERSION = YES;
				CLANG_WARN_OBJC_IMPLICIT_RETAIN_SELF = YES;
				CLANG_WARN_OBJC_LITERAL_CONVERSION = YES;
				CLANG_WARN_OBJC_ROOT_CLASS = YES_ERROR;
				CLANG_WARN_QUOTED_INCLUDE_IN_FRAMEWORK_HEADER = YES;
				CLANG_WARN_RANGE_LOOP_ANALYSIS = YES;
				CLANG_WARN_STRICT_PROTOTYPES = YES;
				CLANG_WARN_SUSPICIOUS_MOVE = YES;
				CLANG_WARN_UNGUARDED_AVAILABILITY = YES_AGGRESSIVE;
				CLANG_WARN_UNREACHABLE_CODE = YES;
				CLANG_WARN__DUPLICATE_METHOD_MATCH = YES;
				COPY_PHASE_STRIP = NO;
				DEBUG_INFORMATION_FORMAT = dwarf;
				ENABLE_STRICT_OBJC_MSGSEND = YES;
				ENABLE_TESTABILITY = YES;
				ENABLE_USER_SCRIPT_SANDBOXING = YES;
				GCC_C_LANGUAGE_STANDARD = gnu17;
				GCC_DYNAMIC_NO_PIC = NO;
				GCC_NO_COMMON_BLOCKS = YES;
				GCC_OPTIMIZATION_LEVEL = 0;
				GCC_PREPROCESSOR_DEFINITIONS = (
					"DEBUG=1",
					"$(inherited)",
				);
				GCC_WARN_64_TO_32_BIT_CONVERSION = YES;
				GCC_WARN_ABOUT_RETURN_TYPE = YES_ERROR;
				GCC_WARN_UNDECLARED_SELECTOR = YES;
				GCC_WARN_UNINITIALIZED_AUTOS = YES_AGGRESSIVE;
				GCC_WARN_UNUSED_FUNCTION = YES;
				GCC_WARN_UNUSED_VARIABLE = YES;
				IPHONEOS_DEPLOYMENT_TARGET = 18.0;
				LOCALIZATION_PREFERS_STRING_CATALOGS = YES;
				MTL_ENABLE_DEBUG_INFO = INCLUDE_SOURCE;
				MTL_FAST_MATH = YES;
				ONLY_ACTIVE_ARCH = YES;
				SDKROOT = iphoneos;
				SWIFT_ACTIVE_COMPILATION_CONDITIONS = "DEBUG $(inherited)";
				SWIFT_OPTIMIZATION_LEVEL = "-Onone";
			};
			name = Debug;
		};
		B237CD7E2C9C5DFB006A4AF9 /* Release */ = {
			isa = XCBuildConfiguration;
			buildSettings = {
				ALWAYS_SEARCH_USER_PATHS = NO;
				ASSETCATALOG_COMPILER_GENERATE_SWIFT_ASSET_SYMBOL_EXTENSIONS = YES;
				CLANG_ANALYZER_NONNULL = YES;
				CLANG_ANALYZER_NUMBER_OBJECT_CONVERSION = YES_AGGRESSIVE;
				CLANG_CXX_LANGUAGE_STANDARD = "gnu++20";
				CLANG_ENABLE_MODULES = YES;
				CLANG_ENABLE_OBJC_ARC = YES;
				CLANG_ENABLE_OBJC_WEAK = YES;
				CLANG_WARN_BLOCK_CAPTURE_AUTORELEASING = YES;
				CLANG_WARN_BOOL_CONVERSION = YES;
				CLANG_WARN_COMMA = YES;
				CLANG_WARN_CONSTANT_CONVERSION = YES;
				CLANG_WARN_DEPRECATED_OBJC_IMPLEMENTATIONS = YES;
				CLANG_WARN_DIRECT_OBJC_ISA_USAGE = YES_ERROR;
				CLANG_WARN_DOCUMENTATION_COMMENTS = YES;
				CLANG_WARN_EMPTY_BODY = YES;
				CLANG_WARN_ENUM_CONVERSION = YES;
				CLANG_WARN_INFINITE_RECURSION = YES;
				CLANG_WARN_INT_CONVERSION = YES;
				CLANG_WARN_NON_LITERAL_NULL_CONVERSION = YES;
				CLANG_WARN_OBJC_IMPLICIT_RETAIN_SELF = YES;
				CLANG_WARN_OBJC_LITERAL_CONVERSION = YES;
				CLANG_WARN_OBJC_ROOT_CLASS = YES_ERROR;
				CLANG_WARN_QUOTED_INCLUDE_IN_FRAMEWORK_HEADER = YES;
				CLANG_WARN_RANGE_LOOP_ANALYSIS = YES;
				CLANG_WARN_STRICT_PROTOTYPES = YES;
				CLANG_WARN_SUSPICIOUS_MOVE = YES;
				CLANG_WARN_UNGUARDED_AVAILABILITY = YES_AGGRESSIVE;
				CLANG_WARN_UNREACHABLE_CODE = YES;
				CLANG_WARN__DUPLICATE_METHOD_MATCH = YES;
				COPY_PHASE_STRIP = NO;
				DEBUG_INFORMATION_FORMAT = "dwarf-with-dsym";
				ENABLE_NS_ASSERTIONS = NO;
				ENABLE_STRICT_OBJC_MSGSEND = YES;
				ENABLE_USER_SCRIPT_SANDBOXING = YES;
				GCC_C_LANGUAGE_STANDARD = gnu17;
				GCC_NO_COMMON_BLOCKS = YES;
				GCC_WARN_64_TO_32_BIT_CONVERSION = YES;
				GCC_WARN_ABOUT_RETURN_TYPE = YES_ERROR;
				GCC_WARN_UNDECLARED_SELECTOR = YES;
				GCC_WARN_UNINITIALIZED_AUTOS = YES_AGGRESSIVE;
				GCC_WARN_UNUSED_FUNCTION = YES;
				GCC_WARN_UNUSED_VARIABLE = YES;
				IPHONEOS_DEPLOYMENT_TARGET = 18.0;
				LOCALIZATION_PREFERS_STRING_CATALOGS = YES;
				MTL_ENABLE_DEBUG_INFO = NO;
				MTL_FAST_MATH = YES;
				SDKROOT = iphoneos;
				SWIFT_COMPILATION_MODE = wholemodule;
				VALIDATE_PRODUCT = YES;
			};
			name = Release;
		};
		B237CD802C9C5DFB006A4AF9 /* Debug */ = {
			isa = XCBuildConfiguration;
			baseConfigurationReference = 019BF6B56BC558FEBE3251B9 /* Pods-MultiEnginesIOS.debug.xcconfig */;
			buildSettings = {
				ASSETCATALOG_COMPILER_APPICON_NAME = AppIcon;
				ASSETCATALOG_COMPILER_GLOBAL_ACCENT_COLOR_NAME = AccentColor;
				CODE_SIGN_STYLE = Automatic;
				CURRENT_PROJECT_VERSION = 1;
				DEVELOPMENT_ASSET_PATHS = "\"MultiEnginesIOS/Preview Content\"";
				DEVELOPMENT_TEAM = 5ATJMV873D;
				ENABLE_PREVIEWS = YES;
				ENABLE_USER_SCRIPT_SANDBOXING = NO;
				GENERATE_INFOPLIST_FILE = YES;
				INFOPLIST_KEY_UIApplicationSceneManifest_Generation = YES;
				INFOPLIST_KEY_UIApplicationSupportsIndirectInputEvents = YES;
				INFOPLIST_KEY_UILaunchScreen_Generation = YES;
				INFOPLIST_KEY_UISupportedInterfaceOrientations_iPad = "UIInterfaceOrientationPortrait UIInterfaceOrientationPortraitUpsideDown UIInterfaceOrientationLandscapeLeft UIInterfaceOrientationLandscapeRight";
				INFOPLIST_KEY_UISupportedInterfaceOrientations_iPhone = "UIInterfaceOrientationPortrait UIInterfaceOrientationLandscapeLeft UIInterfaceOrientationLandscapeRight";
				LD_RUNPATH_SEARCH_PATHS = (
					"$(inherited)",
					"@executable_path/Frameworks",
				);
				MARKETING_VERSION = 1.0;
				PRODUCT_BUNDLE_IDENTIFIER = com.am2.MultiEnginesIOS;
				PRODUCT_NAME = "$(TARGET_NAME)";
				SWIFT_EMIT_LOC_STRINGS = YES;
				SWIFT_VERSION = 5.0;
				TARGETED_DEVICE_FAMILY = "1,2";
			};
			name = Debug;
		};
		B237CD812C9C5DFB006A4AF9 /* Release */ = {
			isa = XCBuildConfiguration;
			baseConfigurationReference = 89A6625F5322536539FC1254 /* Pods-MultiEnginesIOS.release.xcconfig */;
			buildSettings = {
				ASSETCATALOG_COMPILER_APPICON_NAME = AppIcon;
				ASSETCATALOG_COMPILER_GLOBAL_ACCENT_COLOR_NAME = AccentColor;
				CODE_SIGN_STYLE = Automatic;
				CURRENT_PROJECT_VERSION = 1;
				DEVELOPMENT_ASSET_PATHS = "\"MultiEnginesIOS/Preview Content\"";
				DEVELOPMENT_TEAM = 5ATJMV873D;
				ENABLE_PREVIEWS = YES;
				ENABLE_USER_SCRIPT_SANDBOXING = NO;
				GENERATE_INFOPLIST_FILE = YES;
				INFOPLIST_KEY_UIApplicationSceneManifest_Generation = YES;
				INFOPLIST_KEY_UIApplicationSupportsIndirectInputEvents = YES;
				INFOPLIST_KEY_UILaunchScreen_Generation = YES;
				INFOPLIST_KEY_UISupportedInterfaceOrientations_iPad = "UIInterfaceOrientationPortrait UIInterfaceOrientationPortraitUpsideDown UIInterfaceOrientationLandscapeLeft UIInterfaceOrientationLandscapeRight";
				INFOPLIST_KEY_UISupportedInterfaceOrientations_iPhone = "UIInterfaceOrientationPortrait UIInterfaceOrientationLandscapeLeft UIInterfaceOrientationLandscapeRight";
				LD_RUNPATH_SEARCH_PATHS = (
					"$(inherited)",
					"@executable_path/Frameworks",
				);
				MARKETING_VERSION = 1.0;
				PRODUCT_BUNDLE_IDENTIFIER = com.am2.MultiEnginesIOS;
				PRODUCT_NAME = "$(TARGET_NAME)";
				SWIFT_EMIT_LOC_STRINGS = YES;
				SWIFT_VERSION = 5.0;
				TARGETED_DEVICE_FAMILY = "1,2";
			};
			name = Release;
		};
		B237CD832C9C5DFB006A4AF9 /* Debug */ = {
			isa = XCBuildConfiguration;
			baseConfigurationReference = F0B77153888FC057B729449B /* Pods-MultiEnginesIOSTests.debug.xcconfig */;
			buildSettings = {
				BUNDLE_LOADER = "$(TEST_HOST)";
				CODE_SIGN_STYLE = Automatic;
				CURRENT_PROJECT_VERSION = 1;
				DEVELOPMENT_TEAM = HU3JS72CT5;
				GENERATE_INFOPLIST_FILE = YES;
				IPHONEOS_DEPLOYMENT_TARGET = 18.0;
				MARKETING_VERSION = 1.0;
				PRODUCT_BUNDLE_IDENTIFIER = com.am2.MultiEnginesIOSTests;
				PRODUCT_NAME = "$(TARGET_NAME)";
				SWIFT_EMIT_LOC_STRINGS = NO;
				SWIFT_VERSION = 5.0;
				TARGETED_DEVICE_FAMILY = "1,2";
				TEST_HOST = "$(BUILT_PRODUCTS_DIR)/MultiEnginesIOS.app/$(BUNDLE_EXECUTABLE_FOLDER_PATH)/MultiEnginesIOS";
			};
			name = Debug;
		};
		B237CD842C9C5DFB006A4AF9 /* Release */ = {
			isa = XCBuildConfiguration;
			baseConfigurationReference = 7A2C4C423371A3B3F6E7B734 /* Pods-MultiEnginesIOSTests.release.xcconfig */;
			buildSettings = {
				BUNDLE_LOADER = "$(TEST_HOST)";
				CODE_SIGN_STYLE = Automatic;
				CURRENT_PROJECT_VERSION = 1;
				DEVELOPMENT_TEAM = HU3JS72CT5;
				GENERATE_INFOPLIST_FILE = YES;
				IPHONEOS_DEPLOYMENT_TARGET = 18.0;
				MARKETING_VERSION = 1.0;
				PRODUCT_BUNDLE_IDENTIFIER = com.am2.MultiEnginesIOSTests;
				PRODUCT_NAME = "$(TARGET_NAME)";
				SWIFT_EMIT_LOC_STRINGS = NO;
				SWIFT_VERSION = 5.0;
				TARGETED_DEVICE_FAMILY = "1,2";
				TEST_HOST = "$(BUILT_PRODUCTS_DIR)/MultiEnginesIOS.app/$(BUNDLE_EXECUTABLE_FOLDER_PATH)/MultiEnginesIOS";
			};
			name = Release;
		};
		B237CD862C9C5DFB006A4AF9 /* Debug */ = {
			isa = XCBuildConfiguration;
			baseConfigurationReference = 62C17248AB120DE1B712E545 /* Pods-MultiEnginesIOS-MultiEnginesIOSUITests.debug.xcconfig */;
			buildSettings = {
				CODE_SIGN_STYLE = Automatic;
				CURRENT_PROJECT_VERSION = 1;
				DEVELOPMENT_TEAM = HU3JS72CT5;
				GENERATE_INFOPLIST_FILE = YES;
				MARKETING_VERSION = 1.0;
				PRODUCT_BUNDLE_IDENTIFIER = com.am2.MultiEnginesIOSUITests;
				PRODUCT_NAME = "$(TARGET_NAME)";
				SWIFT_EMIT_LOC_STRINGS = NO;
				SWIFT_VERSION = 5.0;
				TARGETED_DEVICE_FAMILY = "1,2";
				TEST_TARGET_NAME = MultiEnginesIOS;
			};
			name = Debug;
		};
		B237CD872C9C5DFB006A4AF9 /* Release */ = {
			isa = XCBuildConfiguration;
			baseConfigurationReference = 61399F6A03232BB8B2BC6CE2 /* Pods-MultiEnginesIOS-MultiEnginesIOSUITests.release.xcconfig */;
			buildSettings = {
				CODE_SIGN_STYLE = Automatic;
				CURRENT_PROJECT_VERSION = 1;
				DEVELOPMENT_TEAM = HU3JS72CT5;
				GENERATE_INFOPLIST_FILE = YES;
				MARKETING_VERSION = 1.0;
				PRODUCT_BUNDLE_IDENTIFIER = com.am2.MultiEnginesIOSUITests;
				PRODUCT_NAME = "$(TARGET_NAME)";
				SWIFT_EMIT_LOC_STRINGS = NO;
				SWIFT_VERSION = 5.0;
				TARGETED_DEVICE_FAMILY = "1,2";
				TEST_TARGET_NAME = MultiEnginesIOS;
			};
			name = Release;
		};
/* End XCBuildConfiguration section */

/* Begin XCConfigurationList section */
		B237CD562C9C5DFA006A4AF9 /* Build configuration list for PBXProject "MultiEnginesIOS" */ = {
			isa = XCConfigurationList;
			buildConfigurations = (
				B237CD7D2C9C5DFB006A4AF9 /* Debug */,
				B237CD7E2C9C5DFB006A4AF9 /* Release */,
			);
			defaultConfigurationIsVisible = 0;
			defaultConfigurationName = Release;
		};
		B237CD7F2C9C5DFB006A4AF9 /* Build configuration list for PBXNativeTarget "MultiEnginesIOS" */ = {
			isa = XCConfigurationList;
			buildConfigurations = (
				B237CD802C9C5DFB006A4AF9 /* Debug */,
				B237CD812C9C5DFB006A4AF9 /* Release */,
			);
			defaultConfigurationIsVisible = 0;
			defaultConfigurationName = Release;
		};
		B237CD822C9C5DFB006A4AF9 /* Build configuration list for PBXNativeTarget "MultiEnginesIOSTests" */ = {
			isa = XCConfigurationList;
			buildConfigurations = (
				B237CD832C9C5DFB006A4AF9 /* Debug */,
				B237CD842C9C5DFB006A4AF9 /* Release */,
			);
			defaultConfigurationIsVisible = 0;
			defaultConfigurationName = Release;
		};
		B237CD852C9C5DFB006A4AF9 /* Build configuration list for PBXNativeTarget "MultiEnginesIOSUITests" */ = {
			isa = XCConfigurationList;
			buildConfigurations = (
				B237CD862C9C5DFB006A4AF9 /* Debug */,
				B237CD872C9C5DFB006A4AF9 /* Release */,
			);
			defaultConfigurationIsVisible = 0;
			defaultConfigurationName = Release;
		};
/* End XCConfigurationList section */
	};
	rootObject = B237CD532C9C5DFA006A4AF9 /* Project object */;
}
