// !$*UTF8*$!
{
	archiveVersion = 1;
	classes = {
	};
	objectVersion = 77;
	objects = {

/* Begin PBXContainerItemProxy section */
		B237CD6C2C9C5DFB006A4AF9 /* PBXContainerItemProxy */ = {
			isa = PBXContainerItemProxy;
			containerPortal = B237CD532C9C5DFA006A4AF9 /* Project object */;
			proxyType = 1;
			remoteGlobalIDString = B237CD5A2C9C5DFA006A4AF9;
			remoteInfo = MultiEnginesIOS;
		};
		B237CD762C9C5DFB006A4AF9 /* PBXContainerItemProxy */ = {
			isa = PBXContainerItemProxy;
			containerPortal = B237CD532C9C5DFA006A4AF9 /* Project object */;
			proxyType = 1;
			remoteGlobalIDString = B237CD5A2C9C5DFA006A4AF9;
			remoteInfo = MultiEnginesIOS;
		};
/* End PBXContainerItemProxy section */

/* Begin PBXFileReference section */
		B237CD5B2C9C5DFA006A4AF9 /* MultiEnginesIOS.app */ = {isa = PBXFileReference; explicitFileType = wrapper.application; includeInIndex = 0; path = MultiEnginesIOS.app; sourceTree = BUILT_PRODUCTS_DIR; };
		B237CD6B2C9C5DFB006A4AF9 /* MultiEnginesIOSTests.xctest */ = {isa = PBXFileReference; explicitFileType = wrapper.cfbundle; includeInIndex = 0; path = MultiEnginesIOSTests.xctest; sourceTree = BUILT_PRODUCTS_DIR; };
		B237CD752C9C5DFB006A4AF9 /* MultiEnginesIOSUITests.xctest */ = {isa = PBXFileReference; explicitFileType = wrapper.cfbundle; includeInIndex = 0; path = MultiEnginesIOSUITests.xctest; sourceTree = BUILT_PRODUCTS_DIR; };
/* End PBXFileReference section */

/* Begin PBXFileSystemSynchronizedRootGroup section */
		B237CD5D2C9C5DFA006A4AF9 /* MultiEnginesIOS */ = {
			isa = PBXFileSystemSynchronizedRootGroup;
			path = MultiEnginesIOS;
			sourceTree = "<group>";
		};
		B237CD6E2C9C5DFB006A4AF9 /* MultiEnginesIOSTests */ = {
			isa = PBXFileSystemSynchronizedRootGroup;
			path = MultiEnginesIOSTests;
			sourceTree = "<group>";
		};
		B237CD782C9C5DFB006A4AF9 /* MultiEnginesIOSUITests */ = {
			isa = PBXFileSystemSynchronizedRootGroup;
			path = MultiEnginesIOSUITests;
			sourceTree = "<group>";
		};
/* End PBXFileSystemSynchronizedRootGroup section */

/* Begin PBXFrameworksBuildPhase section */
		B237CD582C9C5DFA006A4AF9 /* Frameworks */ = {
			isa = PBXFrameworksBuildPhase;
			buildActionMask = 2147483647;
			files = (
			);
			runOnlyForDeploymentPostprocessing = 0;
		};
		B237CD682C9C5DFB006A4AF9 /* Frameworks */ = {
			isa = PBXFrameworksBuildPhase;
			buildActionMask = 2147483647;
			files = (
			);
			runOnlyForDeploymentPostprocessing = 0;
		};
		B237CD722C9C5DFB006A4AF9 /* Frameworks */ = {
			isa = PBXFrameworksBuildPhase;
			buildActionMask = 2147483647;
			files = (
			);
			runOnlyForDeploymentPostprocessing = 0;
		};
/* End PBXFrameworksBuildPhase section */

/* Begin PBXGroup section */
		B237CD522C9C5DFA006A4AF9 = {
			isa = PBXGroup;
			children = (
				B237CD5D2C9C5DFA006A4AF9 /* MultiEnginesIOS */,
				B237CD6E2C9C5DFB006A4AF9 /* MultiEnginesIOSTests */,
				B237CD782C9C5DFB006A4AF9 /* MultiEnginesIOSUITests */,
				B237CD5C2C9C5DFA006A4AF9 /* Products */,
			);
			sourceTree = "<group>";
		};
		B237CD5C2C9C5DFA006A4AF9 /* Products */ = {
			isa = PBXGroup;
			children = (
				B237CD5B2C9C5DFA006A4AF9 /* MultiEnginesIOS.app */,
				B237CD6B2C9C5DFB006A4AF9 /* MultiEnginesIOSTests.xctest */,
				B237CD752C9C5DFB006A4AF9 /* MultiEnginesIOSUITests.xctest */,
			);
			name = Products;
			sourceTree = "<group>";
		};
/* End PBXGroup section */

/* Begin PBXNativeTarget section */
		B237CD5A2C9C5DFA006A4AF9 /* MultiEnginesIOS */ = {
			isa = PBXNativeTarget;
			buildConfigurationList = B237CD7F2C9C5DFB006A4AF9 /* Build configuration list for PBXNativeTarget "MultiEnginesIOS" */;
			buildPhases = (
				B237CD572C9C5DFA006A4AF9 /* Sources */,
				B237CD582C9C5DFA006A4AF9 /* Frameworks */,
				B237CD592C9C5DFA006A4AF9 /* Resources */,
			);
			buildRules = (
			);
			dependencies = (
			);
			fileSystemSynchronizedGroups = (
				B237CD5D2C9C5DFA006A4AF9 /* MultiEnginesIOS */,
			);
			name = MultiEnginesIOS;
			packageProductDependencies = (
			);
			productName = MultiEnginesIOS;
			productReference = B237CD5B2C9C5DFA006A4AF9 /* MultiEnginesIOS.app */;
			productType = "com.apple.product-type.application";
		};
		B237CD6A2C9C5DFB006A4AF9 /* MultiEnginesIOSTests */ = {
			isa = PBXNativeTarget;
			buildConfigurationList = B237CD822C9C5DFB006A4AF9 /* Build configuration list for PBXNativeTarget "MultiEnginesIOSTests" */;
			buildPhases = (
				B237CD672C9C5DFB006A4AF9 /* Sources */,
				B237CD682C9C5DFB006A4AF9 /* Frameworks */,
				B237CD692C9C5DFB006A4AF9 /* Resources */,
			);
			buildRules = (
			);
			dependencies = (
				B237CD6D2C9C5DFB006A4AF9 /* PBXTargetDependency */,
			);
			fileSystemSynchronizedGroups = (
				B237CD6E2C9C5DFB006A4AF9 /* MultiEnginesIOSTests */,
			);
			name = MultiEnginesIOSTests;
			packageProductDependencies = (
			);
			productName = MultiEnginesIOSTests;
			productReference = B237CD6B2C9C5DFB006A4AF9 /* MultiEnginesIOSTests.xctest */;
			productType = "com.apple.product-type.bundle.unit-test";
		};
		B237CD742C9C5DFB006A4AF9 /* MultiEnginesIOSUITests */ = {
			isa = PBXNativeTarget;
			buildConfigurationList = B237CD852C9C5DFB006A4AF9 /* Build configuration list for PBXNativeTarget "MultiEnginesIOSUITests" */;
			buildPhases = (
				B237CD712C9C5DFB006A4AF9 /* Sources */,
				B237CD722C9C5DFB006A4AF9 /* Frameworks */,
				B237CD732C9C5DFB006A4AF9 /* Resources */,
			);
			buildRules = (
			);
			dependencies = (
				B237CD772C9C5DFB006A4AF9 /* PBXTargetDependency */,
			);
			fileSystemSynchronizedGroups = (
				B237CD782C9C5DFB006A4AF9 /* MultiEnginesIOSUITests */,
			);
			name = MultiEnginesIOSUITests;
			packageProductDependencies = (
			);
			productName = MultiEnginesIOSUITests;
			productReference = B237CD752C9C5DFB006A4AF9 /* MultiEnginesIOSUITests.xctest */;
			productType = "com.apple.product-type.bundle.ui-testing";
		};
/* End PBXNativeTarget section */

/* Begin PBXProject section */
		B237CD532C9C5DFA006A4AF9 /* Project object */ = {
			isa = PBXProject;
			attributes = {
				BuildIndependentTargetsInParallel = 1;
				LastSwiftUpdateCheck = 1600;
				LastUpgradeCheck = 1600;
				TargetAttributes = {
					B237CD5A2C9C5DFA006A4AF9 = {
						CreatedOnToolsVersion = 16.0;
					};
					B237CD6A2C9C5DFB006A4AF9 = {
						CreatedOnToolsVersion = 16.0;
						TestTargetID = B237CD5A2C9C5DFA006A4AF9;
					};
					B237CD742C9C5DFB006A4AF9 = {
						CreatedOnToolsVersion = 16.0;
						TestTargetID = B237CD5A2C9C5DFA006A4AF9;
					};
				};
			};
			buildConfigurationList = B237CD562C9C5DFA006A4AF9 /* Build configuration list for PBXProject "MultiEnginesIOS" */;
			developmentRegion = en;
			hasScannedForEncodings = 0;
			knownRegions = (
				en,
				Base,
			);
			mainGroup = B237CD522C9C5DFA006A4AF9;
			minimizedProjectReferenceProxies = 1;
			preferredProjectObjectVersion = 77;
			productRefGroup = B237CD5C2C9C5DFA006A4AF9 /* Products */;
			projectDirPath = "";
			projectRoot = "";
			targets = (
				B237CD5A2C9C5DFA006A4AF9 /* MultiEnginesIOS */,
				B237CD6A2C9C5DFB006A4AF9 /* MultiEnginesIOSTests */,
				B237CD742C9C5DFB006A4AF9 /* MultiEnginesIOSUITests */,
			);
		};
/* End PBXProject section */

/* Begin PBXResourcesBuildPhase section */
		B237CD592C9C5DFA006A4AF9 /* Resources */ = {
			isa = PBXResourcesBuildPhase;
			buildActionMask = 2147483647;
			files = (
			);
			runOnlyForDeploymentPostprocessing = 0;
		};
		B237CD692C9C5DFB006A4AF9 /* Resources */ = {
			isa = PBXResourcesBuildPhase;
			buildActionMask = 2147483647;
			files = (
			);
			runOnlyForDeploymentPostprocessing = 0;
		};
		B237CD732C9C5DFB006A4AF9 /* Resources */ = {
			isa = PBXResourcesBuildPhase;
			buildActionMask = 2147483647;
			files = (
			);
			runOnlyForDeploymentPostprocessing = 0;
		};
/* End PBXResourcesBuildPhase section */

/* Begin PBXSourcesBuildPhase section */
		B237CD572C9C5DFA006A4AF9 /* Sources */ = {
			isa = PBXSourcesBuildPhase;
			buildActionMask = 2147483647;
			files = (
			);
			runOnlyForDeploymentPostprocessing = 0;
		};
		B237CD672C9C5DFB006A4AF9 /* Sources */ = {
			isa = PBXSourcesBuildPhase;
			buildActionMask = 2147483647;
			files = (
			);
			runOnlyForDeploymentPostprocessing = 0;
		};
		B237CD712C9C5DFB006A4AF9 /* Sources */ = {
			isa = PBXSourcesBuildPhase;
			buildActionMask = 2147483647;
			files = (
			);
			runOnlyForDeploymentPostprocessing = 0;
		};
/* End PBXSourcesBuildPhase section */

/* Begin PBXTargetDependency section */
		B237CD6D2C9C5DFB006A4AF9 /* PBXTargetDependency */ = {
			isa = PBXTargetDependency;
			target = B237CD5A2C9C5DFA006A4AF9 /* MultiEnginesIOS */;
			targetProxy = B237CD6C2C9C5DFB006A4AF9 /* PBXContainerItemProxy */;
		};
		B237CD772C9C5DFB006A4AF9 /* PBXTargetDependency */ = {
			isa = PBXTargetDependency;
			target = B237CD5A2C9C5DFA006A4AF9 /* MultiEnginesIOS */;
			targetProxy = B237CD762C9C5DFB006A4AF9 /* PBXContainerItemProxy */;
		};
/* End PBXTargetDependency section */

/* Begin XCBuildConfiguration section */
		B237CD7D2C9C5DFB006A4AF9 /* Debug */ = {
			isa = XCBuildConfiguration;
			buildSettings = {
				ALWAYS_SEARCH_USER_PATHS = NO;
				ASSETCATALOG_COMPILER_GENERATE_SWIFT_ASSET_SYMBOL_EXTENSIONS = YES;
				CLANG_ANALYZER_NONNULL = YES;
				CLANG_ANALYZER_NUMBER_OBJECT_CONVERSION = YES_AGGRESSIVE;
				CLANG_CXX_LANGUAGE_STANDARD = "gnu++20";
				CLANG_ENABLE_MODULES = YES;
				CLANG_ENABLE_OBJC_ARC = YES;
				CLANG_ENABLE_OBJC_WEAK = YES;
				CLANG_WARN_BLOCK_CAPTURE_AUTORELEASING = YES;
				CLANG_WARN_BOOL_CONVERSION = YES;
				CLANG_WARN_COMMA = YES;
				CLANG_WARN_CONSTANT_CONVERSION = YES;
				CLANG_WARN_DEPRECATED_OBJC_IMPLEMENTATIONS = YES;
				CLANG_WARN_DIRECT_OBJC_ISA_USAGE = YES_ERROR;
				CLANG_WARN_DOCUMENTATION_COMMENTS = YES;
				CLANG_WARN_EMPTY_BODY = YES;
				CLANG_WARN_ENUM_CONVERSION = YES;
				CLANG_WARN_INFINITE_RECURSION = YES;
				CLANG_WARN_INT_CONVERSION = YES;
				CLANG_WARN_NON_LITERAL_NULL_CONVERSION = YES;
				CLANG_WARN_OBJC_IMPLICIT_RETAIN_SELF = YES;
				CLANG_WARN_OBJC_LITERAL_CONVERSION = YES;
				CLANG_WARN_OBJC_ROOT_CLASS = YES_ERROR;
				CLANG_WARN_QUOTED_INCLUDE_IN_FRAMEWORK_HEADER = YES;
				CLANG_WARN_RANGE_LOOP_ANALYSIS = YES;
				CLANG_WARN_STRICT_PROTOTYPES = YES;
				CLANG_WARN_SUSPICIOUS_MOVE = YES;
				CLANG_WARN_UNGUARDED_AVAILABILITY = YES_AGGRESSIVE;
				CLANG_WARN_UNREACHABLE_CODE = YES;
				CLANG_WARN__DUPLICATE_METHOD_MATCH = YES;
				COPY_PHASE_STRIP = NO;
				DEBUG_INFORMATION_FORMAT = dwarf;
				ENABLE_STRICT_OBJC_MSGSEND = YES;
				ENABLE_TESTABILITY = YES;
				ENABLE_USER_SCRIPT_SANDBOXING = YES;
				GCC_C_LANGUAGE_STANDARD = gnu17;
				GCC_DYNAMIC_NO_PIC = NO;
				GCC_NO_COMMON_BLOCKS = YES;
				GCC_OPTIMIZATION_LEVEL = 0;
				GCC_PREPROCESSOR_DEFINITIONS = (
					"DEBUG=1",
					"$(inherited)",
				);
				GCC_WARN_64_TO_32_BIT_CONVERSION = YES;
				GCC_WARN_ABOUT_RETURN_TYPE = YES_ERROR;
				GCC_WARN_UNDECLARED_SELECTOR = YES;
				GCC_WARN_UNINITIALIZED_AUTOS = YES_AGGRESSIVE;
				GCC_WARN_UNUSED_FUNCTION = YES;
				GCC_WARN_UNUSED_VARIABLE = YES;
				IPHONEOS_DEPLOYMENT_TARGET = 18.0;
				LOCALIZATION_PREFERS_STRING_CATALOGS = YES;
				MTL_ENABLE_DEBUG_INFO = INCLUDE_SOURCE;
				MTL_FAST_MATH = YES;
				ONLY_ACTIVE_ARCH = YES;
				SDKROOT = iphoneos;
				SWIFT_ACTIVE_COMPILATION_CONDITIONS = "DEBUG $(inherited)";
				SWIFT_OPTIMIZATION_LEVEL = "-Onone";
			};
			name = Debug;
		};
		B237CD7E2C9C5DFB006A4AF9 /* Release */ = {
			isa = XCBuildConfiguration;
			buildSettings = {
				ALWAYS_SEARCH_USER_PATHS = NO;
				ASSETCATALOG_COMPILER_GENERATE_SWIFT_ASSET_SYMBOL_EXTENSIONS = YES;
				CLANG_ANALYZER_NONNULL = YES;
				CLANG_ANALYZER_NUMBER_OBJECT_CONVERSION = YES_AGGRESSIVE;
				CLANG_CXX_LANGUAGE_STANDARD = "gnu++20";
				CLANG_ENABLE_MODULES = YES;
				CLANG_ENABLE_OBJC_ARC = YES;
				CLANG_ENABLE_OBJC_WEAK = YES;
				CLANG_WARN_BLOCK_CAPTURE_AUTORELEASING = YES;
				CLANG_WARN_BOOL_CONVERSION = YES;
				CLANG_WARN_COMMA = YES;
				CLANG_WARN_CONSTANT_CONVERSION = YES;
				CLANG_WARN_DEPRECATED_OBJC_IMPLEMENTATIONS = YES;
				CLANG_WARN_DIRECT_OBJC_ISA_USAGE = YES_ERROR;
				CLANG_WARN_DOCUMENTATION_COMMENTS = YES;
				CLANG_WARN_EMPTY_BODY = YES;
				CLANG_WARN_ENUM_CONVERSION = YES;
				CLANG_WARN_INFINITE_RECURSION = YES;
				CLANG_WARN_INT_CONVERSION = YES;
				CLANG_WARN_NON_LITERAL_NULL_CONVERSION = YES;
				CLANG_WARN_OBJC_IMPLICIT_RETAIN_SELF = YES;
				CLANG_WARN_OBJC_LITERAL_CONVERSION = YES;
				CLANG_WARN_OBJC_ROOT_CLASS = YES_ERROR;
				CLANG_WARN_QUOTED_INCLUDE_IN_FRAMEWORK_HEADER = YES;
				CLANG_WARN_RANGE_LOOP_ANALYSIS = YES;
				CLANG_WARN_STRICT_PROTOTYPES = YES;
				CLANG_WARN_SUSPICIOUS_MOVE = YES;
				CLANG_WARN_UNGUARDED_AVAILABILITY = YES_AGGRESSIVE;
				CLANG_WARN_UNREACHABLE_CODE = YES;
				CLANG_WARN__DUPLICATE_METHOD_MATCH = YES;
				COPY_PHASE_STRIP = NO;
				DEBUG_INFORMATION_FORMAT = "dwarf-with-dsym";
				ENABLE_NS_ASSERTIONS = NO;
				ENABLE_STRICT_OBJC_MSGSEND = YES;
				ENABLE_USER_SCRIPT_SANDBOXING = YES;
				GCC_C_LANGUAGE_STANDARD = gnu17;
				GCC_NO_COMMON_BLOCKS = YES;
				GCC_WARN_64_TO_32_BIT_CONVERSION = YES;
				GCC_WARN_ABOUT_RETURN_TYPE = YES_ERROR;
				GCC_WARN_UNDECLARED_SELECTOR = YES;
				GCC_WARN_UNINITIALIZED_AUTOS = YES_AGGRESSIVE;
				GCC_WARN_UNUSED_FUNCTION = YES;
				GCC_WARN_UNUSED_VARIABLE = YES;
				IPHONEOS_DEPLOYMENT_TARGET = 18.0;
				LOCALIZATION_PREFERS_STRING_CATALOGS = YES;
				MTL_ENABLE_DEBUG_INFO = NO;
				MTL_FAST_MATH = YES;
				SDKROOT = iphoneos;
				SWIFT_COMPILATION_MODE = wholemodule;
				VALIDATE_PRODUCT = YES;
			};
			name = Release;
		};
		B237CD802C9C5DFB006A4AF9 /* Debug */ = {
			isa = XCBuildConfiguration;
			buildSettings = {
				ASSETCATALOG_COMPILER_APPICON_NAME = AppIcon;
				ASSETCATALOG_COMPILER_GLOBAL_ACCENT_COLOR_NAME = AccentColor;
				CODE_SIGN_STYLE = Automatic;
				CURRENT_PROJECT_VERSION = 1;
				DEVELOPMENT_ASSET_PATHS = "\"MultiEnginesIOS/Preview Content\"";
				DEVELOPMENT_TEAM = HU3JS72CT5;
				ENABLE_PREVIEWS = YES;
				GENERATE_INFOPLIST_FILE = YES;
				INFOPLIST_KEY_UIApplicationSceneManifest_Generation = YES;
				INFOPLIST_KEY_UIApplicationSupportsIndirectInputEvents = YES;
				INFOPLIST_KEY_UILaunchScreen_Generation = YES;
				INFOPLIST_KEY_UISupportedInterfaceOrientations_iPad = "UIInterfaceOrientationPortrait UIInterfaceOrientationPortraitUpsideDown UIInterfaceOrientationLandscapeLeft UIInterfaceOrientationLandscapeRight";
				INFOPLIST_KEY_UISupportedInterfaceOrientations_iPhone = "UIInterfaceOrientationPortrait UIInterfaceOrientationLandscapeLeft UIInterfaceOrientationLandscapeRight";
				LD_RUNPATH_SEARCH_PATHS = (
					"$(inherited)",
					"@executable_path/Frameworks",
				);
				MARKETING_VERSION = 1.0;
				PRODUCT_BUNDLE_IDENTIFIER = com.am2.MultiEnginesIOS;
				PRODUCT_NAME = "$(TARGET_NAME)";
				SWIFT_EMIT_LOC_STRINGS = YES;
				SWIFT_VERSION = 5.0;
				TARGETED_DEVICE_FAMILY = "1,2";
			};
			name = Debug;
		};
		B237CD812C9C5DFB006A4AF9 /* Release */ = {
			isa = XCBuildConfiguration;
			buildSettings = {
				ASSETCATALOG_COMPILER_APPICON_NAME = AppIcon;
				ASSETCATALOG_COMPILER_GLOBAL_ACCENT_COLOR_NAME = AccentColor;
				CODE_SIGN_STYLE = Automatic;
				CURRENT_PROJECT_VERSION = 1;
				DEVELOPMENT_ASSET_PATHS = "\"MultiEnginesIOS/Preview Content\"";
				DEVELOPMENT_TEAM = HU3JS72CT5;
				ENABLE_PREVIEWS = YES;
				GENERATE_INFOPLIST_FILE = YES;
				INFOPLIST_KEY_UIApplicationSceneManifest_Generation = YES;
				INFOPLIST_KEY_UIApplicationSupportsIndirectInputEvents = YES;
				INFOPLIST_KEY_UILaunchScreen_Generation = YES;
				INFOPLIST_KEY_UISupportedInterfaceOrientations_iPad = "UIInterfaceOrientationPortrait UIInterfaceOrientationPortraitUpsideDown UIInterfaceOrientationLandscapeLeft UIInterfaceOrientationLandscapeRight";
				INFOPLIST_KEY_UISupportedInterfaceOrientations_iPhone = "UIInterfaceOrientationPortrait UIInterfaceOrientationLandscapeLeft UIInterfaceOrientationLandscapeRight";
				LD_RUNPATH_SEARCH_PATHS = (
					"$(inherited)",
					"@executable_path/Frameworks",
				);
				MARKETING_VERSION = 1.0;
				PRODUCT_BUNDLE_IDENTIFIER = com.am2.MultiEnginesIOS;
				PRODUCT_NAME = "$(TARGET_NAME)";
				SWIFT_EMIT_LOC_STRINGS = YES;
				SWIFT_VERSION = 5.0;
				TARGETED_DEVICE_FAMILY = "1,2";
			};
			name = Release;
		};
		B237CD832C9C5DFB006A4AF9 /* Debug */ = {
			isa = XCBuildConfiguration;
			buildSettings = {
				BUNDLE_LOADER = "$(TEST_HOST)";
				CODE_SIGN_STYLE = Automatic;
				CURRENT_PROJECT_VERSION = 1;
				DEVELOPMENT_TEAM = HU3JS72CT5;
				GENERATE_INFOPLIST_FILE = YES;
				IPHONEOS_DEPLOYMENT_TARGET = 18.0;
				MARKETING_VERSION = 1.0;
				PRODUCT_BUNDLE_IDENTIFIER = com.am2.MultiEnginesIOSTests;
				PRODUCT_NAME = "$(TARGET_NAME)";
				SWIFT_EMIT_LOC_STRINGS = NO;
				SWIFT_VERSION = 5.0;
				TARGETED_DEVICE_FAMILY = "1,2";
				TEST_HOST = "$(BUILT_PRODUCTS_DIR)/MultiEnginesIOS.app/$(BUNDLE_EXECUTABLE_FOLDER_PATH)/MultiEnginesIOS";
			};
			name = Debug;
		};
		B237CD842C9C5DFB006A4AF9 /* Release */ = {
			isa = XCBuildConfiguration;
			buildSettings = {
				BUNDLE_LOADER = "$(TEST_HOST)";
				CODE_SIGN_STYLE = Automatic;
				CURRENT_PROJECT_VERSION = 1;
				DEVELOPMENT_TEAM = HU3JS72CT5;
				GENERATE_INFOPLIST_FILE = YES;
				IPHONEOS_DEPLOYMENT_TARGET = 18.0;
				MARKETING_VERSION = 1.0;
				PRODUCT_BUNDLE_IDENTIFIER = com.am2.MultiEnginesIOSTests;
				PRODUCT_NAME = "$(TARGET_NAME)";
				SWIFT_EMIT_LOC_STRINGS = NO;
				SWIFT_VERSION = 5.0;
				TARGETED_DEVICE_FAMILY = "1,2";
				TEST_HOST = "$(BUILT_PRODUCTS_DIR)/MultiEnginesIOS.app/$(BUNDLE_EXECUTABLE_FOLDER_PATH)/MultiEnginesIOS";
			};
			name = Release;
		};
		B237CD862C9C5DFB006A4AF9 /* Debug */ = {
			isa = XCBuildConfiguration;
			buildSettings = {
				CODE_SIGN_STYLE = Automatic;
				CURRENT_PROJECT_VERSION = 1;
				DEVELOPMENT_TEAM = HU3JS72CT5;
				GENERATE_INFOPLIST_FILE = YES;
				MARKETING_VERSION = 1.0;
				PRODUCT_BUNDLE_IDENTIFIER = com.am2.MultiEnginesIOSUITests;
				PRODUCT_NAME = "$(TARGET_NAME)";
				SWIFT_EMIT_LOC_STRINGS = NO;
				SWIFT_VERSION = 5.0;
				TARGETED_DEVICE_FAMILY = "1,2";
				TEST_TARGET_NAME = MultiEnginesIOS;
			};
			name = Debug;
		};
		B237CD872C9C5DFB006A4AF9 /* Release */ = {
			isa = XCBuildConfiguration;
			buildSettings = {
				CODE_SIGN_STYLE = Automatic;
				CURRENT_PROJECT_VERSION = 1;
				DEVELOPMENT_TEAM = HU3JS72CT5;
				GENERATE_INFOPLIST_FILE = YES;
				MARKETING_VERSION = 1.0;
				PRODUCT_BUNDLE_IDENTIFIER = com.am2.MultiEnginesIOSUITests;
				PRODUCT_NAME = "$(TARGET_NAME)";
				SWIFT_EMIT_LOC_STRINGS = NO;
				SWIFT_VERSION = 5.0;
				TARGETED_DEVICE_FAMILY = "1,2";
				TEST_TARGET_NAME = MultiEnginesIOS;
			};
			name = Release;
		};
/* End XCBuildConfiguration section */

/* Begin XCConfigurationList section */
		B237CD562C9C5DFA006A4AF9 /* Build configuration list for PBXProject "MultiEnginesIOS" */ = {
			isa = XCConfigurationList;
			buildConfigurations = (
				B237CD7D2C9C5DFB006A4AF9 /* Debug */,
				B237CD7E2C9C5DFB006A4AF9 /* Release */,
			);
			defaultConfigurationIsVisible = 0;
			defaultConfigurationName = Release;
		};
		B237CD7F2C9C5DFB006A4AF9 /* Build configuration list for PBXNativeTarget "MultiEnginesIOS" */ = {
			isa = XCConfigurationList;
			buildConfigurations = (
				B237CD802C9C5DFB006A4AF9 /* Debug */,
				B237CD812C9C5DFB006A4AF9 /* Release */,
			);
			defaultConfigurationIsVisible = 0;
			defaultConfigurationName = Release;
		};
		B237CD822C9C5DFB006A4AF9 /* Build configuration list for PBXNativeTarget "MultiEnginesIOSTests" */ = {
			isa = XCConfigurationList;
			buildConfigurations = (
				B237CD832C9C5DFB006A4AF9 /* Debug */,
				B237CD842C9C5DFB006A4AF9 /* Release */,
			);
			defaultConfigurationIsVisible = 0;
			defaultConfigurationName = Release;
		};
		B237CD852C9C5DFB006A4AF9 /* Build configuration list for PBXNativeTarget "MultiEnginesIOSUITests" */ = {
			isa = XCConfigurationList;
			buildConfigurations = (
				B237CD862C9C5DFB006A4AF9 /* Debug */,
				B237CD872C9C5DFB006A4AF9 /* Release */,
			);
			defaultConfigurationIsVisible = 0;
			defaultConfigurationName = Release;
		};
/* End XCConfigurationList section */
	};
	rootObject = B237CD532C9C5DFA006A4AF9 /* Project object */;
}
